
Microsoft Visual Studio Solution File, Format Version 12.00
# Visual Studio Version 16
VisualStudioVersion = 16.0.28803.352
MinimumVisualStudioVersion = 10.0.40219.1
Project("{8BC9CEB8-8B4A-11D0-8D11-00A0C91BC942}") = "Tasks", "Tasks.vcxproj", "{13D7AC60-31E6-4758-886E-53508E0CBC78}"
EndProject
Global
	GlobalSection(SolutionConfigurationPlatforms) = preSolution
		Debug|x64 = Debug|x64
		Debug|x86 = Debug|x86
		Release|x64 = Release|x64
		Release|x86 = Release|x86
	EndGlobalSection
	GlobalSection(ProjectConfigurationPlatforms) = postSolution
		{13D7AC60-31E6-4758-886E-53508E0CBC78}.Debug|x64.ActiveCfg = Debug|x64
		{13D7AC60-31E6-4758-886E-53508E0CBC78}.Debug|x64.Build.0 = Debug|x64
		{13D7AC60-31E6-4758-886E-53508E0CBC78}.Debug|x86.ActiveCfg = Debug|Win32
		{13D7AC60-31E6-4758-886E-53508E0CBC78}.Debug|x86.Build.0 = Debug|Win32
		{13D7AC60-31E6-4758-886E-53508E0CBC78}.Release|x64.ActiveCfg = Release|x64
		{13D7AC60-31E6-4758-886E-53508E0CBC78}.Release|x64.Build.0 = Release|x64
		{13D7AC60-31E6-4758-886E-53508E0CBC78}.Release|x86.ActiveCfg = Release|Win32
		{13D7AC60-31E6-4758-886E-53508E0CBC78}.Release|x86.Build.0 = Release|Win32
	EndGlobalSection
	GlobalSection(SolutionProperties) = preSolution
		HideSolutionNode = FALSE
	EndGlobalSection
	GlobalSection(ExtensibilityGlobals) = postSolution
		SolutionGuid = {03F3BB83-7FB6-42F8-8CEF-86384F5BB9B6}
	EndGlobalSection
EndGlobal
